// !$*UTF8*$!
{
	archiveVersion = 1;
	classes = {
	};
	objectVersion = 77;
	objects = {

/* Begin PBXContainerItemProxy section */
		4A638FF52FBBDC45009666CC /* PBXContainerItemProxy */ = {
			isa = PBXContainerItemProxy;
			containerPortal = 4A638FDF2FBBDC43009666CC /* Project object */;
			proxyType = 1;
			remoteGlobalIDString = 4A638FE62FBBDC43009666CC;
			remoteInfo = "Threat-Intel";
		};
		4A638FFF2FBBDC45009666CC /* PBXContainerItemProxy */ = {
			isa = PBXContainerItemProxy;
			containerPortal = 4A638FDF2FBBDC43009666CC /* Project object */;
			proxyType = 1;
			remoteGlobalIDString = 4A638FE62FBBDC43009666CC;
			remoteInfo = "Threat-Intel";
		};
/* End PBXContainerItemProxy section */

/* Begin PBXFileReference section */
		4A638FE72FBBDC43009666CC /* Threat-Intel.app */ = {isa = PBXFileReference; explicitFileType = wrapper.application; includeInIndex = 0; path = "Threat-Intel.app"; sourceTree = BUILT_PRODUCTS_DIR; };
		4A638FF42FBBDC45009666CC /* Threat-IntelTests.xctest */ = {isa = PBXFileReference; explicitFileType = wrapper.cfbundle; includeInIndex = 0; path = "Threat-IntelTests.xctest"; sourceTree = BUILT_PRODUCTS_DIR; };
		4A638FFE2FBBDC45009666CC /* Threat-IntelUITests.xctest */ = {isa = PBXFileReference; explicitFileType = wrapper.cfbundle; includeInIndex = 0; path = "Threat-IntelUITests.xctest"; sourceTree = BUILT_PRODUCTS_DIR; };
/* End PBXFileReference section */

/* Begin PBXFileSystemSynchronizedRootGroup section */
		4A638FE92FBBDC43009666CC /* Threat-Intel */ = {
			isa = PBXFileSystemSynchronizedRootGroup;
			path = "Threat-Intel";
			sourceTree = "<group>";
		};
		4A638FF72FBBDC45009666CC /* Threat-IntelTests */ = {
			isa = PBXFileSystemSynchronizedRootGroup;
			path = "Threat-IntelTests";
			sourceTree = "<group>";
		};
		4A6390012FBBDC45009666CC /* Threat-IntelUITests */ = {
			isa = PBXFileSystemSynchronizedRootGroup;
			path = "Threat-IntelUITests";
			sourceTree = "<group>";
		};
/* End PBXFileSystemSynchronizedRootGroup section */

/* Begin PBXFrameworksBuildPhase section */
		4A638FE42FBBDC43009666CC /* Frameworks */ = {
			isa = PBXFrameworksBuildPhase;
			buildActionMask = 2147483647;
			files = (
			);
			runOnlyForDeploymentPostprocessing = 0;
		};
		4A638FF12FBBDC45009666CC /* Frameworks */ = {
			isa = PBXFrameworksBuildPhase;
			buildActionMask = 2147483647;
			files = (
			);
			runOnlyForDeploymentPostprocessing = 0;
		};
		4A638FFB2FBBDC45009666CC /* Frameworks */ = {
			isa = PBXFrameworksBuildPhase;
			buildActionMask = 2147483647;
			files = (
			);
			runOnlyForDeploymentPostprocessing = 0;
		};
/* End PBXFrameworksBuildPhase section */

/* Begin PBXGroup section */
		4A638FDE2FBBDC43009666CC = {
			isa = PBXGroup;
			children = (
				4A638FE92FBBDC43009666CC /* Threat-Intel */,
				4A638FF72FBBDC45009666CC /* Threat-IntelTests */,
				4A6390012FBBDC45009666CC /* Threat-IntelUITests */,
				4A638FE82FBBDC43009666CC /* Products */,
			);
			sourceTree = "<group>";
		};
		4A638FE82FBBDC43009666CC /* Products */ = {
			isa = PBXGroup;
			children = (
				4A638FE72FBBDC43009666CC /* Threat-Intel.app */,
				4A638FF42FBBDC45009666CC /* Threat-IntelTests.xctest */,
				4A638FFE2FBBDC45009666CC /* Threat-IntelUITests.xctest */,
			);
			name = Products;
			sourceTree = "<group>";
		};
/* End PBXGroup section */

/* Begin PBXNativeTarget section */
		4A638FE62FBBDC43009666CC /* Threat-Intel */ = {
			isa = PBXNativeTarget;
			buildConfigurationList = 4A6390082FBBDC45009666CC /* Build configuration list for PBXNativeTarget "Threat-Intel" */;
			buildPhases = (
				4A638FE32FBBDC43009666CC /* Sources */,
				4A638FE42FBBDC43009666CC /* Frameworks */,
				4A638FE52FBBDC43009666CC /* Resources */,
			);
			buildRules = (
			);
			dependencies = (
			);
			fileSystemSynchronizedGroups = (
				4A638FE92FBBDC43009666CC /* Threat-Intel */,
			);
			name = "Threat-Intel";
			packageProductDependencies = (
			);
			productName = "Threat-Intel";
			productReference = 4A638FE72FBBDC43009666CC /* Threat-Intel.app */;
			productType = "com.apple.product-type.application";
		};
		4A638FF32FBBDC45009666CC /* Threat-IntelTests */ = {
			isa = PBXNativeTarget;
			buildConfigurationList = 4A63900B2FBBDC45009666CC /* Build configuration list for PBXNativeTarget "Threat-IntelTests" */;
			buildPhases = (
				4A638FF02FBBDC45009666CC /* Sources */,
				4A638FF12FBBDC45009666CC /* Frameworks */,
				4A638FF22FBBDC45009666CC /* Resources */,
			);
			buildRules = (
			);
			dependencies = (
				4A638FF62FBBDC45009666CC /* PBXTargetDependency */,
			);
			fileSystemSynchronizedGroups = (
				4A638FF72FBBDC45009666CC /* Threat-IntelTests */,
			);
			name = "Threat-IntelTests";
			packageProductDependencies = (
			);
			productName = "Threat-IntelTests";
			productReference = 4A638FF42FBBDC45009666CC /* Threat-IntelTests.xctest */;
			productType = "com.apple.product-type.bundle.unit-test";
		};
		4A638FFD2FBBDC45009666CC /* Threat-IntelUITests */ = {
			isa = PBXNativeTarget;
			buildConfigurationList = 4A63900E2FBBDC45009666CC /* Build configuration list for PBXNativeTarget "Threat-IntelUITests" */;
			buildPhases = (
				4A638FFA2FBBDC45009666CC /* Sources */,
				4A638FFB2FBBDC45009666CC /* Frameworks */,
				4A638FFC2FBBDC45009666CC /* Resources */,
			);
			buildRules = (
			);
			dependencies = (
				4A6390002FBBDC45009666CC /* PBXTargetDependency */,
			);
			fileSystemSynchronizedGroups = (
				4A6390012FBBDC45009666CC /* Threat-IntelUITests */,
			);
			name = "Threat-IntelUITests";
			packageProductDependencies = (
			);
			productName = "Threat-IntelUITests";
			productReference = 4A638FFE2FBBDC45009666CC /* Threat-IntelUITests.xctest */;
			productType = "com.apple.product-type.bundle.ui-testing";
		};
/* End PBXNativeTarget section */

/* Begin PBXProject section */
		4A638FDF2FBBDC43009666CC /* Project object */ = {
			isa = PBXProject;
			attributes = {
				BuildIndependentTargetsInParallel = 1;
				LastSwiftUpdateCheck = 2640;
				LastUpgradeCheck = 2640;
				TargetAttributes = {
					4A638FE62FBBDC43009666CC = {
						CreatedOnToolsVersion = 26.4.1;
					};
					4A638FF32FBBDC45009666CC = {
						CreatedOnToolsVersion = 26.4.1;
						TestTargetID = 4A638FE62FBBDC43009666CC;
					};
					4A638FFD2FBBDC45009666CC = {
						CreatedOnToolsVersion = 26.4.1;
						TestTargetID = 4A638FE62FBBDC43009666CC;
					};
				};
			};
			buildConfigurationList = 4A638FE22FBBDC43009666CC /* Build configuration list for PBXProject "Threat-Intel" */;
			developmentRegion = en;
			hasScannedForEncodings = 0;
			knownRegions = (
				en,
				Base,
			);
			mainGroup = 4A638FDE2FBBDC43009666CC;
			minimizedProjectReferenceProxies = 1;
			preferredProjectObjectVersion = 77;
			productRefGroup = 4A638FE82FBBDC43009666CC /* Products */;
			projectDirPath = "";
			projectRoot = "";
			targets = (
				4A638FE62FBBDC43009666CC /* Threat-Intel */,
				4A638FF32FBBDC45009666CC /* Threat-IntelTests */,
				4A638FFD2FBBDC45009666CC /* Threat-IntelUITests */,
			);
		};
/* End PBXProject section */

/* Begin PBXResourcesBuildPhase section */
		4A638FE52FBBDC43009666CC /* Resources */ = {
			isa = PBXResourcesBuildPhase;
			buildActionMask = 2147483647;
			files = (
			);
			runOnlyForDeploymentPostprocessing = 0;
		};
		4A638FF22FBBDC45009666CC /* Resources */ = {
			isa = PBXResourcesBuildPhase;
			buildActionMask = 2147483647;
			files = (
			);
			runOnlyForDeploymentPostprocessing = 0;
		};
		4A638FFC2FBBDC45009666CC /* Resources */ = {
			isa = PBXResourcesBuildPhase;
			buildActionMask = 2147483647;
			files = (
			);
			runOnlyForDeploymentPostprocessing = 0;
		};
/* End PBXResourcesBuildPhase section */

/* Begin PBXSourcesBuildPhase section */
		4A638FE32FBBDC43009666CC /* Sources */ = {
			isa = PBXSourcesBuildPhase;
			buildActionMask = 2147483647;
			files = (
			);
			runOnlyForDeploymentPostprocessing = 0;
		};
		4A638FF02FBBDC45009666CC /* Sources */ = {
			isa = PBXSourcesBuildPhase;
			buildActionMask = 2147483647;
			files = (
			);
			runOnlyForDeploymentPostprocessing = 0;
		};
		4A638FFA2FBBDC45009666CC /* Sources */ = {
			isa = PBXSourcesBuildPhase;
			buildActionMask = 2147483647;
			files = (
			);
			runOnlyForDeploymentPostprocessing = 0;
		};
/* End PBXSourcesBuildPhase section */

/* Begin PBXTargetDependency section */
		4A638FF62FBBDC45009666CC /* PBXTargetDependency */ = {
			isa = PBXTargetDependency;
			target = 4A638FE62FBBDC43009666CC /* Threat-Intel */;
			targetProxy = 4A638FF52FBBDC45009666CC /* PBXContainerItemProxy */;
		};
		4A6390002FBBDC45009666CC /* PBXTargetDependency */ = {
			isa = PBXTargetDependency;
			target = 4A638FE62FBBDC43009666CC /* Threat-Intel */;
			targetProxy = 4A638FFF2FBBDC45009666CC /* PBXContainerItemProxy */;
		};
/* End PBXTargetDependency section */

/* Begin XCBuildConfiguration section */
		4A6390062FBBDC45009666CC /* Debug */ = {
			isa = XCBuildConfiguration;
			buildSettings = {
				ALWAYS_SEARCH_USER_PATHS = NO;
				ASSETCATALOG_COMPILER_GENERATE_SWIFT_ASSET_SYMBOL_EXTENSIONS = YES;
				CLANG_ANALYZER_NONNULL = YES;
				CLANG_ANALYZER_NUMBER_OBJECT_CONVERSION = YES_AGGRESSIVE;
				CLANG_CXX_LANGUAGE_STANDARD = "gnu++20";
				CLANG_ENABLE_MODULES = YES;
				CLANG_ENABLE_OBJC_ARC = YES;
				CLANG_ENABLE_OBJC_WEAK = YES;
				CLANG_WARN_BLOCK_CAPTURE_AUTORELEASING = YES;
				CLANG_WARN_BOOL_CONVERSION = YES;
				CLANG_WARN_COMMA = YES;
				CLANG_WARN_CONSTANT_CONVERSION = YES;
				CLANG_WARN_DEPRECATED_OBJC_IMPLEMENTATIONS = YES;
				CLANG_WARN_DIRECT_OBJC_ISA_USAGE = YES_ERROR;
				CLANG_WARN_DOCUMENTATION_COMMENTS = YES;
				CLANG_WARN_EMPTY_BODY = YES;
				CLANG_WARN_ENUM_CONVERSION = YES;
				CLANG_WARN_INFINITE_RECURSION = YES;
				CLANG_WARN_INT_CONVERSION = YES;
				CLANG_WARN_NON_LITERAL_NULL_CONVERSION = YES;
				CLANG_WARN_OBJC_IMPLICIT_RETAIN_SELF = YES;
				CLANG_WARN_OBJC_LITERAL_CONVERSION = YES;
				CLANG_WARN_OBJC_ROOT_CLASS = YES_ERROR;
				CLANG_WARN_QUOTED_INCLUDE_IN_FRAMEWORK_HEADER = YES;
				CLANG_WARN_RANGE_LOOP_ANALYSIS = YES;
				CLANG_WARN_STRICT_PROTOTYPES = YES;
				CLANG_WARN_SUSPICIOUS_MOVE = YES;
				CLANG_WARN_UNGUARDED_AVAILABILITY = YES_AGGRESSIVE;
				CLANG_WARN_UNREACHABLE_CODE = YES;
				CLANG_WARN__DUPLICATE_METHOD_MATCH = YES;
				COPY_PHASE_STRIP = NO;
				DEBUG_INFORMATION_FORMAT = dwarf;
				DEVELOPMENT_TEAM = H22QFNNK6D;
				ENABLE_STRICT_OBJC_MSGSEND = YES;
				ENABLE_TESTABILITY = YES;
				ENABLE_USER_SCRIPT_SANDBOXING = YES;
				GCC_C_LANGUAGE_STANDARD = gnu17;
				GCC_DYNAMIC_NO_PIC = NO;
				GCC_NO_COMMON_BLOCKS = YES;
				GCC_OPTIMIZATION_LEVEL = 0;
				GCC_PREPROCESSOR_DEFINITIONS = (
					"DEBUG=1",
					"$(inherited)",
				);
				GCC_WARN_64_TO_32_BIT_CONVERSION = YES;
				GCC_WARN_ABOUT_RETURN_TYPE = YES_ERROR;
				GCC_WARN_UNDECLARED_SELECTOR = YES;
				GCC_WARN_UNINITIALIZED_AUTOS = YES_AGGRESSIVE;
				GCC_WARN_UNUSED_FUNCTION = YES;
				GCC_WARN_UNUSED_VARIABLE = YES;
				LOCALIZATION_PREFERS_STRING_CATALOGS = YES;
				MACOSX_DEPLOYMENT_TARGET = 26.4;
				MTL_ENABLE_DEBUG_INFO = INCLUDE_SOURCE;
				MTL_FAST_MATH = YES;
				ONLY_ACTIVE_ARCH = YES;
				SDKROOT = macosx;
				SWIFT_ACTIVE_COMPILATION_CONDITIONS = "DEBUG $(inherited)";
				SWIFT_OPTIMIZATION_LEVEL = "-Onone";
			};
			name = Debug;
		};
		4A6390072FBBDC45009666CC /* Release */ = {
			isa = XCBuildConfiguration;
			buildSettings = {
				ALWAYS_SEARCH_USER_PATHS = NO;
				ASSETCATALOG_COMPILER_GENERATE_SWIFT_ASSET_SYMBOL_EXTENSIONS = YES;
				CLANG_ANALYZER_NONNULL = YES;
				CLANG_ANALYZER_NUMBER_OBJECT_CONVERSION = YES_AGGRESSIVE;
				CLANG_CXX_LANGUAGE_STANDARD = "gnu++20";
				CLANG_ENABLE_MODULES = YES;
				CLANG_ENABLE_OBJC_ARC = YES;
				CLANG_ENABLE_OBJC_WEAK = YES;
				CLANG_WARN_BLOCK_CAPTURE_AUTORELEASING = YES;
				CLANG_WARN_BOOL_CONVERSION = YES;
				CLANG_WARN_COMMA = YES;
				CLANG_WARN_CONSTANT_CONVERSION = YES;
				CLANG_WARN_DEPRECATED_OBJC_IMPLEMENTATIONS = YES;
				CLANG_WARN_DIRECT_OBJC_ISA_USAGE = YES_ERROR;
				CLANG_WARN_DOCUMENTATION_COMMENTS = YES;
				CLANG_WARN_EMPTY_BODY = YES;
				CLANG_WARN_ENUM_CONVERSION = YES;
				CLANG_WARN_INFINITE_RECURSION = YES;
				CLANG_WARN_INT_CONVERSION = YES;
				CLANG_WARN_NON_LITERAL_NULL_CONVERSION = YES;
				CLANG_WARN_OBJC_IMPLICIT_RETAIN_SELF = YES;
				CLANG_WARN_OBJC_LITERAL_CONVERSION = YES;
				CLANG_WARN_OBJC_ROOT_CLASS = YES_ERROR;
				CLANG_WARN_QUOTED_INCLUDE_IN_FRAMEWORK_HEADER = YES;
				CLANG_WARN_RANGE_LOOP_ANALYSIS = YES;
				CLANG_WARN_STRICT_PROTOTYPES = YES;
				CLANG_WARN_SUSPICIOUS_MOVE = YES;
				CLANG_WARN_UNGUARDED_AVAILABILITY = YES_AGGRESSIVE;
				CLANG_WARN_UNREACHABLE_CODE = YES;
				CLANG_WARN__DUPLICATE_METHOD_MATCH = YES;
				COPY_PHASE_STRIP = NO;
				DEBUG_INFORMATION_FORMAT = "dwarf-with-dsym";
				DEVELOPMENT_TEAM = H22QFNNK6D;
				ENABLE_NS_ASSERTIONS = NO;
				ENABLE_STRICT_OBJC_MSGSEND = YES;
				ENABLE_USER_SCRIPT_SANDBOXING = YES;
				GCC_C_LANGUAGE_STANDARD = gnu17;
				GCC_NO_COMMON_BLOCKS = YES;
				GCC_WARN_64_TO_32_BIT_CONVERSION = YES;
				GCC_WARN_ABOUT_RETURN_TYPE = YES_ERROR;
				GCC_WARN_UNDECLARED_SELECTOR = YES;
				GCC_WARN_UNINITIALIZED_AUTOS = YES_AGGRESSIVE;
				GCC_WARN_UNUSED_FUNCTION = YES;
				GCC_WARN_UNUSED_VARIABLE = YES;
				LOCALIZATION_PREFERS_STRING_CATALOGS = YES;
				MACOSX_DEPLOYMENT_TARGET = 26.4;
				MTL_ENABLE_DEBUG_INFO = NO;
				MTL_FAST_MATH = YES;
				SDKROOT = macosx;
				SWIFT_COMPILATION_MODE = wholemodule;
			};
			name = Release;
		};
		4A6390092FBBDC45009666CC /* Debug */ = {
			isa = XCBuildConfiguration;
			buildSettings = {
				ASSETCATALOG_COMPILER_APPICON_NAME = AppIcon;
				ASSETCATALOG_COMPILER_GLOBAL_ACCENT_COLOR_NAME = AccentColor;
				CODE_SIGN_STYLE = Automatic;
				COMBINE_HIDPI_IMAGES = YES;
				CURRENT_PROJECT_VERSION = 1;
				DEVELOPMENT_TEAM = H22QFNNK6D;
				ENABLE_APP_SANDBOX = YES;
				ENABLE_HARDENED_RUNTIME = YES;
				ENABLE_PREVIEWS = YES;
				ENABLE_USER_SELECTED_FILES = readonly;
				GENERATE_INFOPLIST_FILE = YES;
				INFOPLIST_KEY_NSHumanReadableCopyright = "";
				LD_RUNPATH_SEARCH_PATHS = (
					"$(inherited)",
					"@executable_path/../Frameworks",
				);
				MARKETING_VERSION = 1.0;
				PRODUCT_BUNDLE_IDENTIFIER = "com.philtronic.Threat-Intel";
				PRODUCT_NAME = "$(TARGET_NAME)";
				REGISTER_APP_GROUPS = YES;
				STRING_CATALOG_GENERATE_SYMBOLS = YES;
				SWIFT_APPROACHABLE_CONCURRENCY = YES;
				SWIFT_DEFAULT_ACTOR_ISOLATION = MainActor;
				SWIFT_EMIT_LOC_STRINGS = YES;
				SWIFT_UPCOMING_FEATURE_MEMBER_IMPORT_VISIBILITY = YES;
				SWIFT_VERSION = 5.0;
			};
			name = Debug;
		};
		4A63900A2FBBDC45009666CC /* Release */ = {
			isa = XCBuildConfiguration;
			buildSettings = {
				ASSETCATALOG_COMPILER_APPICON_NAME = AppIcon;
				ASSETCATALOG_COMPILER_GLOBAL_ACCENT_COLOR_NAME = AccentColor;
				CODE_SIGN_STYLE = Automatic;
				COMBINE_HIDPI_IMAGES = YES;
				CURRENT_PROJECT_VERSION = 1;
				DEVELOPMENT_TEAM = H22QFNNK6D;
				ENABLE_APP_SANDBOX = YES;
				ENABLE_HARDENED_RUNTIME = YES;
				ENABLE_PREVIEWS = YES;
				ENABLE_USER_SELECTED_FILES = readonly;
				GENERATE_INFOPLIST_FILE = YES;
				INFOPLIST_KEY_NSHumanReadableCopyright = "";
				LD_RUNPATH_SEARCH_PATHS = (
					"$(inherited)",
					"@executable_path/../Frameworks",
				);
				MARKETING_VERSION = 1.0;
				PRODUCT_BUNDLE_IDENTIFIER = "com.philtronic.Threat-Intel";
				PRODUCT_NAME = "$(TARGET_NAME)";
				REGISTER_APP_GROUPS = YES;
				STRING_CATALOG_GENERATE_SYMBOLS = YES;
				SWIFT_APPROACHABLE_CONCURRENCY = YES;
				SWIFT_DEFAULT_ACTOR_ISOLATION = MainActor;
				SWIFT_EMIT_LOC_STRINGS = YES;
				SWIFT_UPCOMING_FEATURE_MEMBER_IMPORT_VISIBILITY = YES;
				SWIFT_VERSION = 5.0;
			};
			name = Release;
		};
		4A63900C2FBBDC45009666CC /* Debug */ = {
			isa = XCBuildConfiguration;
			buildSettings = {
				BUNDLE_LOADER = "$(TEST_HOST)";
				CODE_SIGN_STYLE = Automatic;
				CURRENT_PROJECT_VERSION = 1;
				DEVELOPMENT_TEAM = H22QFNNK6D;
				GENERATE_INFOPLIST_FILE = YES;
				MACOSX_DEPLOYMENT_TARGET = 26.4;
				MARKETING_VERSION = 1.0;
				PRODUCT_BUNDLE_IDENTIFIER = "com.philtronic.Threat-IntelTests";
				PRODUCT_NAME = "$(TARGET_NAME)";
				STRING_CATALOG_GENERATE_SYMBOLS = NO;
				SWIFT_APPROACHABLE_CONCURRENCY = YES;
				SWIFT_EMIT_LOC_STRINGS = NO;
				SWIFT_UPCOMING_FEATURE_MEMBER_IMPORT_VISIBILITY = YES;
				SWIFT_VERSION = 5.0;
				TEST_HOST = "$(BUILT_PRODUCTS_DIR)/Threat-Intel.app/$(BUNDLE_EXECUTABLE_FOLDER_PATH)/Threat-Intel";
			};
			name = Debug;
		};
		4A63900D2FBBDC45009666CC /* Release */ = {
			isa = XCBuildConfiguration;
			buildSettings = {
				BUNDLE_LOADER = "$(TEST_HOST)";
				CODE_SIGN_STYLE = Automatic;
				CURRENT_PROJECT_VERSION = 1;
				DEVELOPMENT_TEAM = H22QFNNK6D;
				GENERATE_INFOPLIST_FILE = YES;
				MACOSX_DEPLOYMENT_TARGET = 26.4;
				MARKETING_VERSION = 1.0;
				PRODUCT_BUNDLE_IDENTIFIER = "com.philtronic.Threat-IntelTests";
				PRODUCT_NAME = "$(TARGET_NAME)";
				STRING_CATALOG_GENERATE_SYMBOLS = NO;
				SWIFT_APPROACHABLE_CONCURRENCY = YES;
				SWIFT_EMIT_LOC_STRINGS = NO;
				SWIFT_UPCOMING_FEATURE_MEMBER_IMPORT_VISIBILITY = YES;
				SWIFT_VERSION = 5.0;
				TEST_HOST = "$(BUILT_PRODUCTS_DIR)/Threat-Intel.app/$(BUNDLE_EXECUTABLE_FOLDER_PATH)/Threat-Intel";
			};
			name = Release;
		};
		4A63900F2FBBDC45009666CC /* Debug */ = {
			isa = XCBuildConfiguration;
			buildSettings = {
				CODE_SIGN_STYLE = Automatic;
				CURRENT_PROJECT_VERSION = 1;
				DEVELOPMENT_TEAM = H22QFNNK6D;
				GENERATE_INFOPLIST_FILE = YES;
				MARKETING_VERSION = 1.0;
				PRODUCT_BUNDLE_IDENTIFIER = "com.philtronic.Threat-IntelUITests";
				PRODUCT_NAME = "$(TARGET_NAME)";
				STRING_CATALOG_GENERATE_SYMBOLS = NO;
				SWIFT_APPROACHABLE_CONCURRENCY = YES;
				SWIFT_EMIT_LOC_STRINGS = NO;
				SWIFT_UPCOMING_FEATURE_MEMBER_IMPORT_VISIBILITY = YES;
				SWIFT_VERSION = 5.0;
				TEST_TARGET_NAME = "Threat-Intel";
			};
			name = Debug;
		};
		4A6390102FBBDC45009666CC /* Release */ = {
			isa = XCBuildConfiguration;
			buildSettings = {
				CODE_SIGN_STYLE = Automatic;
				CURRENT_PROJECT_VERSION = 1;
				DEVELOPMENT_TEAM = H22QFNNK6D;
				GENERATE_INFOPLIST_FILE = YES;
				MARKETING_VERSION = 1.0;
				PRODUCT_BUNDLE_IDENTIFIER = "com.philtronic.Threat-IntelUITests";
				PRODUCT_NAME = "$(TARGET_NAME)";
				STRING_CATALOG_GENERATE_SYMBOLS = NO;
				SWIFT_APPROACHABLE_CONCURRENCY = YES;
				SWIFT_EMIT_LOC_STRINGS = NO;
				SWIFT_UPCOMING_FEATURE_MEMBER_IMPORT_VISIBILITY = YES;
				SWIFT_VERSION = 5.0;
				TEST_TARGET_NAME = "Threat-Intel";
			};
			name = Release;
		};
/* End XCBuildConfiguration section */

/* Begin XCConfigurationList section */
		4A638FE22FBBDC43009666CC /* Build configuration list for PBXProject "Threat-Intel" */ = {
			isa = XCConfigurationList;
			buildConfigurations = (
				4A6390062FBBDC45009666CC /* Debug */,
				4A6390072FBBDC45009666CC /* Release */,
			);
			defaultConfigurationIsVisible = 0;
			defaultConfigurationName = Release;
		};
		4A6390082FBBDC45009666CC /* Build configuration list for PBXNativeTarget "Threat-Intel" */ = {
			isa = XCConfigurationList;
			buildConfigurations = (
				4A6390092FBBDC45009666CC /* Debug */,
				4A63900A2FBBDC45009666CC /* Release */,
			);
			defaultConfigurationIsVisible = 0;
			defaultConfigurationName = Release;
		};
		4A63900B2FBBDC45009666CC /* Build configuration list for PBXNativeTarget "Threat-IntelTests" */ = {
			isa = XCConfigurationList;
			buildConfigurations = (
				4A63900C2FBBDC45009666CC /* Debug */,
				4A63900D2FBBDC45009666CC /* Release */,
			);
			defaultConfigurationIsVisible = 0;
			defaultConfigurationName = Release;
		};
		4A63900E2FBBDC45009666CC /* Build configuration list for PBXNativeTarget "Threat-IntelUITests" */ = {
			isa = XCConfigurationList;
			buildConfigurations = (
				4A63900F2FBBDC45009666CC /* Debug */,
				4A6390102FBBDC45009666CC /* Release */,
			);
			defaultConfigurationIsVisible = 0;
			defaultConfigurationName = Release;
		};
/* End XCConfigurationList section */
	};
	rootObject = 4A638FDF2FBBDC43009666CC /* Project object */;
}
